
Microsoft Visual Studio Solution File, Format Version 12.00
# Visual Studio 15
VisualStudioVersion = 15.0.27004.2002
MinimumVisualStudioVersion = 10.0.40219.1
Project("{FAE04EC0-301F-11D3-BF4B-00C04F79EFBC}") = "SivQuest", "SivQuest\SivQuest.csproj", "{35CFD6D8-4259-458F-9758-0C7396925AFC}"
EndProject
Project("{2150E333-8FDC-42A3-9474-1A3956D46DE8}") = "Solution Items", "Solution Items", "{582B4989-2EEC-4AB0-94BF-7259AA96D20A}"
EndProject
Global
	GlobalSection(SolutionConfigurationPlatforms) = preSolution
		Debug|Any CPU = Debug|Any CPU
		Debug|x64 = Debug|x64
		Debug|x86 = Debug|x86
		Release|Any CPU = Release|Any CPU
		Release|x64 = Release|x64
		Release|x86 = Release|x86
	EndGlobalSection
	GlobalSection(ProjectConfigurationPlatforms) = postSolution
		{35CFD6D8-4259-458F-9758-0C7396925AFC}.Debug|Any CPU.ActiveCfg = Debug|Any CPU
		{35CFD6D8-4259-458F-9758-0C7396925AFC}.Debug|Any CPU.Build.0 = Debug|Any CPU
		{35CFD6D8-4259-458F-9758-0C7396925AFC}.Debug|x64.ActiveCfg = Debug|Any CPU
		{35CFD6D8-4259-458F-9758-0C7396925AFC}.Debug|x64.Build.0 = Debug|Any CPU
		{35CFD6D8-4259-458F-9758-0C7396925AFC}.Debug|x86.ActiveCfg = Debug|Any CPU
		{35CFD6D8-4259-458F-9758-0C7396925AFC}.Debug|x86.Build.0 = Debug|Any CPU
		{35CFD6D8-4259-458F-9758-0C7396925AFC}.Release|Any CPU.ActiveCfg = Release|Any CPU
		{35CFD6D8-4259-458F-9758-0C7396925AFC}.Release|Any CPU.Build.0 = Release|Any CPU
		{35CFD6D8-4259-458F-9758-0C7396925AFC}.Release|x64.ActiveCfg = Release|Any CPU
		{35CFD6D8-4259-458F-9758-0C7396925AFC}.Release|x64.Build.0 = Release|Any CPU
		{35CFD6D8-4259-458F-9758-0C7396925AFC}.Release|x86.ActiveCfg = Release|Any CPU
		{35CFD6D8-4259-458F-9758-0C7396925AFC}.Release|x86.Build.0 = Release|Any CPU
	EndGlobalSection
	GlobalSection(SolutionProperties) = preSolution
		HideSolutionNode = FALSE
	EndGlobalSection
	GlobalSection(ExtensibilityGlobals) = postSolution
		SolutionGuid = {72AD5575-6F91-42A6-BC3B-9A344F33AEF5}
	EndGlobalSection
EndGlobal
